
Microsoft Visual Studio Solution File, Format Version 12.00
# Visual Studio Version 17
VisualStudioVersion = 17.7.34003.232
MinimumVisualStudioVersion = 10.0.40219.1
Project("{FAE04EC0-301F-11D3-BF4B-00C04F79EFBC}") = "Assistant", "Assistant.csproj", "{049FB9A1-BDBC-4D69-9F0B-9DA5C93F8FE5}"
EndProject
Global
	GlobalSection(SolutionConfigurationPlatforms) = preSolution
		Debug|Any CPU = Debug|Any CPU
		Release|Any CPU = Release|Any CPU
	EndGlobalSection
	GlobalSection(ProjectConfigurationPlatforms) = postSolution
		{049FB9A1-BDBC-4D69-9F0B-9DA5C93F8FE5}.Debug|Any CPU.ActiveCfg = Debug|Any CPU
		{049FB9A1-BDBC-4D69-9F0B-9DA5C93F8FE5}.Debug|Any CPU.Build.0 = Debug|Any CPU
		{049FB9A1-BDBC-4D69-9F0B-9DA5C93F8FE5}.Release|Any CPU.ActiveCfg = Release|Any CPU
		{049FB9A1-BDBC-4D69-9F0B-9DA5C93F8FE5}.Release|Any CPU.Build.0 = Release|Any CPU
	EndGlobalSection
	GlobalSection(SolutionProperties) = preSolution
		HideSolutionNode = FALSE
	EndGlobalSection
	GlobalSection(ExtensibilityGlobals) = postSolution
		SolutionGuid = {D24E46AC-1690-45FF-BF6B-AF74218996C2}
	EndGlobalSection
EndGlobal
